# This file is @generated by PDM.
# It is not intended for manual editing.

[metadata]
groups = ["default", "dev"]
strategy = ["inherit_metadata"]
lock_version = "4.5.0"
content_hash = "sha256:ab06de239d5f8486967511aa99a0cede06258d0dcaf8962690cb1dd51a148fd0"

[[metadata.targets]]
requires_python = ">=3.14,<3.16"

[[package]]
name = "altgraph"
version = "0.17.5"
summary = "Python graph (network) package"
groups = ["dev"]
marker = "sys_platform == \"darwin\""
files = [
    {file = "altgraph-0.17.5-py2.py3-none-any.whl", hash = "sha256:f3a22400bce1b0c701683820ac4f3b159cd301acab067c51c653e06961600597"},
    {file = "altgraph-0.17.5.tar.gz", hash = "sha256:c87b395dd12fabde9c99573a9749d67da8d29ef9de0125c7f536699b4a9bc9e7"},
]

[[package]]
name = "colorama"
version = "0.4.6"
requires_python = "!=3.0.*,!=3.1.*,!=3.2.*,!=3.3.*,!=3.4.*,!=3.5.*,!=3.6.*,>=2.7"
summary = "Cross-platform colored terminal text."
groups = ["dev"]
marker = "sys_platform == \"win32\""
files = [
    {file = "colorama-0.4.6-py2.py3-none-any.whl", hash = "sha256:4f1d9991f5acc0ca119f9d443620b77f9d6b33703e51011c16baf57afb285fc6"},
    {file = "colorama-0.4.6.tar.gz", hash = "sha256:08695f5cb7ed6e0531a20572697297273c47b8cae5a63ffc6d6ed5c201be6e44"},
]

[[package]]
name = "coverage"
version = "7.15.2"
requires_python = ">=3.10"
summary = "Code coverage measurement for Python"
groups = ["dev"]
files = [
    {file = "coverage-7.15.2-cp314-cp314-macosx_10_15_x86_64.whl", hash = "sha256:40f633c5c5fc783732f6312280122e859538fa24461235597c13d803ea9a108a"},
    {file = "coverage-7.15.2-cp314-cp314-macosx_11_0_arm64.whl", hash = "sha256:075560438765b7a2ef43bf7aa7758661b53d889df47f062a31bda6c1ade553a2"},
    {file = "coverage-7.15.2-cp314-cp314-manylinux1_i686.manylinux_2_28_i686.manylinux_2_5_i686.whl", hash = "sha256:25fd15dd40a0a2c51a500d664ca29053c09c3259d998407bf982b6e114696138"},
    {file = "coverage-7.15.2-cp314-cp314-manylinux1_x86_64.manylinux_2_28_x86_64.manylinux_2_5_x86_64.whl", hash = "sha256:b9a6367e4aff723e8ee8190836836124284e8fcd4265e307c844010cfa074f3f"},
    {file = "coverage-7.15.2-cp314-cp314-manylinux2014_aarch64.manylinux_2_17_aarch64.manylinux_2_28_aarch64.whl", hash = "sha256:9854ca62c152874b2060772503535be2e8f53f70b8aaa7686b094888d872f984"},
    {file = "coverage-7.15.2-cp314-cp314-manylinux2014_ppc64le.manylinux_2_17_ppc64le.manylinux_2_28_ppc64le.whl", hash = "sha256:913b6c56e110da40e035bbd168353bf7aaa2544a5eaccea5d98a4629aac156c7"},
    {file = "coverage-7.15.2-cp314-cp314-manylinux_2_31_riscv64.manylinux_2_39_riscv64.whl", hash = "sha256:aaccad4129d735a8a4d526f26929894c9a4e8ef7034566f210b176749d6906e3"},
    {file = "coverage-7.15.2-cp314-cp314-musllinux_1_2_aarch64.whl", hash = "sha256:a164b50081fc7357331c4024ef4d17b78ba325f8380d05f5a69599a7e05257ee"},
    {file = "coverage-7.15.2-cp314-cp314-musllinux_1_2_i686.whl", hash = "sha256:bfd341ccf78128e72c094bc70cc25b3ef309c33c7c2c66ba3ed4309549e02de1"},
    {file = "coverage-7.15.2-cp314-cp314-musllinux_1_2_ppc64le.whl", hash = "sha256:1473b3ba8e7ee0f076117b1a72c23f579a2b9e2bb742f48a8d86ea27ca93f91a"},
    {file = "coverage-7.15.2-cp314-cp314-musllinux_1_2_riscv64.whl", hash = "sha256:17c432b5f73ad52ef46fb06019f6fa7c66ce381961cf0f7dfd1d3a4bd3a98145"},
    {file = "coverage-7.15.2-cp314-cp314-musllinux_1_2_x86_64.whl", hash = "sha256:77f0ef5011df53a4bd1b35211ab122287f8d9b8d7aa1c4553e5c2deb24b1d446"},
    {file = "coverage-7.15.2-cp314-cp314-win32.whl", hash = "sha256:f653e5d7248c1191ec988a85c72edeab46c3ff44f90639a4ed4874ec0be90243"},
    {file = "coverage-7.15.2-cp314-cp314-win_amd64.whl", hash = "sha256:9911f31aad8906abe337c271343485cf20df5e70df5d2f57f9f136e7b55f26bc"},
    {file = "coverage-7.15.2-cp314-cp314-win_arm64.whl", hash = "sha256:e38def96ad59853824c97953fdcd2c320a84ba3ce99b417db78af8bb6c3db635"},
    {file = "coverage-7.15.2-cp314-cp314t-macosx_10_15_x86_64.whl", hash = "sha256:835ec4e20b45f0a7f63ed78f94065aca00de033403df8377bfe8b9c6abc0a7be"},
    {file = "coverage-7.15.2-cp314-cp314t-macosx_11_0_arm64.whl", hash = "sha256:7466cc7ab6dc0db871d264bf99e8779f0917ee63d40730af0552f71535a6e072"},
    {file = "coverage-7.15.2-cp314-cp314t-manylinux1_i686.manylinux_2_28_i686.manylinux_2_5_i686.whl", hash = "sha256:e370c12133095ff18432de8c044962be85a5a96d90c6fcbce8e17e76236d2328"},
    {file = "coverage-7.15.2-cp314-cp314t-manylinux1_x86_64.manylinux_2_28_x86_64.manylinux_2_5_x86_64.whl", hash = "sha256:fe41909c9515c3bfdb5f02c4d1f857dba322d9a9a1178069b91eea77889df63a"},
    {file = "coverage-7.15.2-cp314-cp314t-manylinux2014_aarch64.manylinux_2_17_aarch64.manylinux_2_28_aarch64.whl", hash = "sha256:6aa28cfb6488e5453b5b762d65f73aa586380f6693a04d58078ce228a29b06c0"},
    {file = "coverage-7.15.2-cp314-cp314t-manylinux2014_ppc64le.manylinux_2_17_ppc64le.manylinux_2_28_ppc64le.whl", hash = "sha256:bcc0aae933921d03096f53b0b03eeb702129fd406dee59f08d2efacc68681fa5"},
    {file = "coverage-7.15.2-cp314-cp314t-manylinux_2_31_riscv64.manylinux_2_39_riscv64.whl", hash = "sha256:7c63387e21ab21f512c69c9756a8c7dadd322c7275edb064064433c9a09c3743"},
    {file = "coverage-7.15.2-cp314-cp314t-musllinux_1_2_aarch64.whl", hash = "sha256:0e55510bc98ae943cece9e667a6c0fe94c6a92913720dea34243657a17993d0c"},
    {file = "coverage-7.15.2-cp314-cp314t-musllinux_1_2_i686.whl", hash = "sha256:2ff08701be2d1556fc78b326c80a3e8042da09352ecb3819105f8e386c8a3071"},
    {file = "coverage-7.15.2-cp314-cp314t-musllinux_1_2_ppc64le.whl", hash = "sha256:38c9518b7103826c403a461544e3c2e77151e8676d06eaed85911a97e962584a"},
    {file = "coverage-7.15.2-cp314-cp314t-musllinux_1_2_riscv64.whl", hash = "sha256:dee88b1ed88587abd8c0269a1fc1f4cc77f7750d1dfde2869e2a123af420e67d"},
    {file = "coverage-7.15.2-cp314-cp314t-musllinux_1_2_x86_64.whl", hash = "sha256:2fbeeeecea279727f8ac16c8e1133ddfeee793e985c86ae343d6a5ce744eef8c"},
    {file = "coverage-7.15.2-cp314-cp314t-win32.whl", hash = "sha256:cb0fddaa6884be6aae36ced9544b5e90f7d5f03845a2853bf47a14953a4e8688"},
    {file = "coverage-7.15.2-cp314-cp314t-win_amd64.whl", hash = "sha256:77f091ea3a9cc611cd29f433565476bc1936c084ac8eee00ea0e7e70c27e4199"},
    {file = "coverage-7.15.2-cp314-cp314t-win_arm64.whl", hash = "sha256:6fc448c377d6eeb00a47c673494bd9bae29280ca53987e1869e67ebedfe20658"},
    {file = "coverage-7.15.2-py3-none-any.whl", hash = "sha256:eb6bcae8d1a9d305351ecb108232441d11c5cfe9de840a04388ba5d2db8d735c"},
    {file = "coverage-7.15.2.tar.gz", hash = "sha256:3df60dc267f0a2ca23cb7a9ab1109c62b9335ffbf519fcfe167157c28c09b81d"},
]

[[package]]
name = "coverage"
version = "7.15.2"
extras = ["toml"]
requires_python = ">=3.10"
summary = "Code coverage measurement for Python"
groups = ["dev"]
dependencies = [
    "coverage==7.15.2",
    "tomli; python_full_version <= \"3.11.0a6\"",
]
files = [
    {file = "coverage-7.15.2-cp314-cp314-macosx_10_15_x86_64.whl", hash = "sha256:40f633c5c5fc783732f6312280122e859538fa24461235597c13d803ea9a108a"},
    {file = "coverage-7.15.2-cp314-cp314-macosx_11_0_arm64.whl", hash = "sha256:075560438765b7a2ef43bf7aa7758661b53d889df47f062a31bda6c1ade553a2"},
    {file = "coverage-7.15.2-cp314-cp314-manylinux1_i686.manylinux_2_28_i686.manylinux_2_5_i686.whl", hash = "sha256:25fd15dd40a0a2c51a500d664ca29053c09c3259d998407bf982b6e114696138"},
    {file = "coverage-7.15.2-cp314-cp314-manylinux1_x86_64.manylinux_2_28_x86_64.manylinux_2_5_x86_64.whl", hash = "sha256:b9a6367e4aff723e8ee8190836836124284e8fcd4265e307c844010cfa074f3f"},
    {file = "coverage-7.15.2-cp314-cp314-manylinux2014_aarch64.manylinux_2_17_aarch64.manylinux_2_28_aarch64.whl", hash = "sha256:9854ca62c152874b2060772503535be2e8f53f70b8aaa7686b094888d872f984"},
    {file = "coverage-7.15.2-cp314-cp314-manylinux2014_ppc64le.manylinux_2_17_ppc64le.manylinux_2_28_ppc64le.whl", hash = "sha256:913b6c56e110da40e035bbd168353bf7aaa2544a5eaccea5d98a4629aac156c7"},
    {file = "coverage-7.15.2-cp314-cp314-manylinux_2_31_riscv64.manylinux_2_39_riscv64.whl", hash = "sha256:aaccad4129d735a8a4d526f26929894c9a4e8ef7034566f210b176749d6906e3"},
    {file = "coverage-7.15.2-cp314-cp314-musllinux_1_2_aarch64.whl", hash = "sha256:a164b50081fc7357331c4024ef4d17b78ba325f8380d05f5a69599a7e05257ee"},
    {file = "coverage-7.15.2-cp314-cp314-musllinux_1_2_i686.whl", hash = "sha256:bfd341ccf78128e72c094bc70cc25b3ef309c33c7c2c66ba3ed4309549e02de1"},
    {file = "coverage-7.15.2-cp314-cp314-musllinux_1_2_ppc64le.whl", hash = "sha256:1473b3ba8e7ee0f076117b1a72c23f579a2b9e2bb742f48a8d86ea27ca93f91a"},
    {file = "coverage-7.15.2-cp314-cp314-musllinux_1_2_riscv64.whl", hash = "sha256:17c432b5f73ad52ef46fb06019f6fa7c66ce381961cf0f7dfd1d3a4bd3a98145"},
    {file = "coverage-7.15.2-cp314-cp314-musllinux_1_2_x86_64.whl", hash = "sha256:77f0ef5011df53a4bd1b35211ab122287f8d9b8d7aa1c4553e5c2deb24b1d446"},
    {file = "coverage-7.15.2-cp314-cp314-win32.whl", hash = "sha256:f653e5d7248c1191ec988a85c72edeab46c3ff44f90639a4ed4874ec0be90243"},
    {file = "coverage-7.15.2-cp314-cp314-win_amd64.whl", hash = "sha256:9911f31aad8906abe337c271343485cf20df5e70df5d2f57f9f136e7b55f26bc"},
    {file = "coverage-7.15.2-cp314-cp314-win_arm64.whl", hash = "sha256:e38def96ad59853824c97953fdcd2c320a84ba3ce99b417db78af8bb6c3db635"},
    {file = "coverage-7.15.2-cp314-cp314t-macosx_10_15_x86_64.whl", hash = "sha256:835ec4e20b45f0a7f63ed78f94065aca00de033403df8377bfe8b9c6abc0a7be"},
    {file = "coverage-7.15.2-cp314-cp314t-macosx_11_0_arm64.whl", hash = "sha256:7466cc7ab6dc0db871d264bf99e8779f0917ee63d40730af0552f71535a6e072"},
    {file = "coverage-7.15.2-cp314-cp314t-manylinux1_i686.manylinux_2_28_i686.manylinux_2_5_i686.whl", hash = "sha256:e370c12133095ff18432de8c044962be85a5a96d90c6fcbce8e17e76236d2328"},
    {file = "coverage-7.15.2-cp314-cp314t-manylinux1_x86_64.manylinux_2_28_x86_64.manylinux_2_5_x86_64.whl", hash = "sha256:fe41909c9515c3bfdb5f02c4d1f857dba322d9a9a1178069b91eea77889df63a"},
    {file = "coverage-7.15.2-cp314-cp314t-manylinux2014_aarch64.manylinux_2_17_aarch64.manylinux_2_28_aarch64.whl", hash = "sha256:6aa28cfb6488e5453b5b762d65f73aa586380f6693a04d58078ce228a29b06c0"},
    {file = "coverage-7.15.2-cp314-cp314t-manylinux2014_ppc64le.manylinux_2_17_ppc64le.manylinux_2_28_ppc64le.whl", hash = "sha256:bcc0aae933921d03096f53b0b03eeb702129fd406dee59f08d2efacc68681fa5"},
    {file = "coverage-7.15.2-cp314-cp314t-manylinux_2_31_riscv64.manylinux_2_39_riscv64.whl", hash = "sha256:7c63387e21ab21f512c69c9756a8c7dadd322c7275edb064064433c9a09c3743"},
    {file = "coverage-7.15.2-cp314-cp314t-musllinux_1_2_aarch64.whl", hash = "sha256:0e55510bc98ae943cece9e667a6c0fe94c6a92913720dea34243657a17993d0c"},
    {file = "coverage-7.15.2-cp314-cp314t-musllinux_1_2_i686.whl", hash = "sha256:2ff08701be2d1556fc78b326c80a3e8042da09352ecb3819105f8e386c8a3071"},
    {file = "coverage-7.15.2-cp314-cp314t-musllinux_1_2_ppc64le.whl", hash = "sha256:38c9518b7103826c403a461544e3c2e77151e8676d06eaed85911a97e962584a"},
    {file = "coverage-7.15.2-cp314-cp314t-musllinux_1_2_riscv64.whl", hash = "sha256:dee88b1ed88587abd8c0269a1fc1f4cc77f7750d1dfde2869e2a123af420e67d"},
    {file = "coverage-7.15.2-cp314-cp314t-musllinux_1_2_x86_64.whl", hash = "sha256:2fbeeeecea279727f8ac16c8e1133ddfeee793e985c86ae343d6a5ce744eef8c"},
    {file = "coverage-7.15.2-cp314-cp314t-win32.whl", hash = "sha256:cb0fddaa6884be6aae36ced9544b5e90f7d5f03845a2853bf47a14953a4e8688"},
    {file = "coverage-7.15.2-cp314-cp314t-win_amd64.whl", hash = "sha256:77f091ea3a9cc611cd29f433565476bc1936c084ac8eee00ea0e7e70c27e4199"},
    {file = "coverage-7.15.2-cp314-cp314t-win_arm64.whl", hash = "sha256:6fc448c377d6eeb00a47c673494bd9bae29280ca53987e1869e67ebedfe20658"},
    {file = "coverage-7.15.2-py3-none-any.whl", hash = "sha256:eb6bcae8d1a9d305351ecb108232441d11c5cfe9de840a04388ba5d2db8d735c"},
    {file = "coverage-7.15.2.tar.gz", hash = "sha256:3df60dc267f0a2ca23cb7a9ab1109c62b9335ffbf519fcfe167157c28c09b81d"},
]

[[package]]
name = "iniconfig"
version = "2.3.0"
requires_python = ">=3.10"
summary = "brain-dead simple config-ini parsing"
groups = ["dev"]
files = [
    {file = "iniconfig-2.3.0-py3-none-any.whl", hash = "sha256:f631c04d2c48c52b84d0d0549c99ff3859c98df65b3101406327ecc7d53fbf12"},
    {file = "iniconfig-2.3.0.tar.gz", hash = "sha256:c76315c77db068650d49c5b56314774a7804df16fee4402c1f19d6d15d8c4730"},
]

[[package]]
name = "macholib"
version = "1.16.4"
summary = "Mach-O header analysis and editing"
groups = ["dev"]
marker = "sys_platform == \"darwin\""
dependencies = [
    "altgraph>=0.17",
]
files = [
    {file = "macholib-1.16.4-py2.py3-none-any.whl", hash = "sha256:da1a3fa8266e30f0ce7e97c6a54eefaae8edd1e5f86f3eb8b95457cae90265ea"},
    {file = "macholib-1.16.4.tar.gz", hash = "sha256:f408c93ab2e995cd2c46e34fe328b130404be143469e41bc366c807448979362"},
]

[[package]]
name = "packaging"
version = "26.2"
requires_python = ">=3.8"
summary = "Core utilities for Python packages"
groups = ["dev"]
files = [
    {file = "packaging-26.2-py3-none-any.whl", hash = "sha256:5fc45236b9446107ff2415ce77c807cee2862cb6fac22b8a73826d0693b0980e"},
    {file = "packaging-26.2.tar.gz", hash = "sha256:ff452ff5a3e828ce110190feff1178bb1f2ea2281fa2075aadb987c2fb221661"},
]

[[package]]
name = "pluggy"
version = "1.6.0"
requires_python = ">=3.9"
summary = "plugin and hook calling mechanisms for python"
groups = ["dev"]
files = [
    {file = "pluggy-1.6.0-py3-none-any.whl", hash = "sha256:e920276dd6813095e9377c0bc5566d94c932c33b27a3e3945d8389c374dd4746"},
    {file = "pluggy-1.6.0.tar.gz", hash = "sha256:7dcc130b76258d33b90f61b658791dede3486c3e6bfb003ee5c9bfb396dd22f3"},
]

[[package]]
name = "pygments"
version = "2.20.0"
requires_python = ">=3.9"
summary = "Pygments is a syntax highlighting package written in Python."
groups = ["dev"]
files = [
    {file = "pygments-2.20.0-py3-none-any.whl", hash = "sha256:81a9e26dd42fd28a23a2d169d86d7ac03b46e2f8b59ed4698fb4785f946d0176"},
    {file = "pygments-2.20.0.tar.gz", hash = "sha256:6757cd03768053ff99f3039c1a36d6c0aa0b263438fcab17520b30a303a82b5f"},
]

[[package]]
name = "pyinstaller"
version = "6.21.0"
requires_python = "<3.16,>=3.8"
summary = "PyInstaller bundles a Python application and all its dependencies into a single package."
groups = ["dev"]
marker = "sys_platform == \"darwin\""
dependencies = [
    "altgraph",
    "importlib-metadata>=4.6; python_version < \"3.10\"",
    "macholib>=1.8; sys_platform == \"darwin\"",
    "packaging>=22.0",
    "pefile>=2022.5.30; sys_platform == \"win32\"",
    "pyinstaller-hooks-contrib>=2026.6",
    "pywin32-ctypes>=0.2.1; sys_platform == \"win32\"",
    "setuptools>=42.0.0",
]
files = [
    {file = "pyinstaller-6.21.0-py3-none-macosx_10_13_universal2.whl", hash = "sha256:327d132389f37912609e01be62810cf96b5aa95b613903e4b8692e0d12fb0eda"},
    {file = "pyinstaller-6.21.0-py3-none-manylinux2014_aarch64.whl", hash = "sha256:7071d4b094d5b40deeef5fa3d3b98a1b846087f7562b49209663d5f9281fe251"},
    {file = "pyinstaller-6.21.0-py3-none-manylinux2014_i686.whl", hash = "sha256:6b6374d652107dd4a2eeece903ff82bb4045bb5e1006c5a158a6dcdbefe84bf2"},
    {file = "pyinstaller-6.21.0-py3-none-manylinux2014_ppc64le.whl", hash = "sha256:4e3108b3f02384560da70e39b8bf22b0ad597d02bd68a40d76ea91c1cfa00cad"},
    {file = "pyinstaller-6.21.0-py3-none-manylinux2014_s390x.whl", hash = "sha256:697532279f535ad572bda613db4f821540e235c7854ca6da4d3bf0373f4415ee"},
    {file = "pyinstaller-6.21.0-py3-none-manylinux2014_x86_64.whl", hash = "sha256:605169523a6b5ace39f13dfbff21add9f2bc43df99c7daf9394fefb2c45e8b6f"},
    {file = "pyinstaller-6.21.0-py3-none-musllinux_1_1_aarch64.whl", hash = "sha256:5fa56746c1e76f93634d018502301378a2d0c382553d37d8c3c34ff436c12dd1"},
    {file = "pyinstaller-6.21.0-py3-none-musllinux_1_1_x86_64.whl", hash = "sha256:42395ec76df8e8120c36b13339d9db8cab83e316a12839ee303cc00fc941bb74"},
    {file = "pyinstaller-6.21.0-py3-none-win32.whl", hash = "sha256:c6b28d30d8fd99ce162ff3aab5013ed44dbfb747566b1f01b9bed7964d7c14e9"},
    {file = "pyinstaller-6.21.0-py3-none-win_amd64.whl", hash = "sha256:7fae06c494ce0ebfe6bd3055c0e409def884f63af2e3705d06bd431ad9237fc7"},
    {file = "pyinstaller-6.21.0-py3-none-win_arm64.whl", hash = "sha256:f13c95c9c03fb567217135919f93815c305813126780b0ed6e0123cb8acaf025"},
    {file = "pyinstaller-6.21.0.tar.gz", hash = "sha256:bb9fab705983e393a2d1cac77d6972513057ad800215fd861dc15ff5272e98fd"},
]

[[package]]
name = "pyinstaller-hooks-contrib"
version = "2026.6"
requires_python = ">=3.8"
summary = "Community maintained hooks for PyInstaller"
groups = ["dev"]
marker = "sys_platform == \"darwin\""
dependencies = [
    "importlib-metadata>=4.6; python_version < \"3.10\"",
    "packaging>=22.0",
]
files = [
    {file = "pyinstaller_hooks_contrib-2026.6-py3-none-any.whl", hash = "sha256:fd13b8ac126b35361175edacd41a0d97080b75dd5f4b594ecefefff969509dd3"},
    {file = "pyinstaller_hooks_contrib-2026.6.tar.gz", hash = "sha256:bef5002c32f4f50bd55b005da12cff64eca8783e7eaf86a06a62410164bab725"},
]

[[package]]
name = "pyobjc-core"
version = "12.2.1"
requires_python = ">=3.10"
summary = "Python<->ObjC Interoperability Module"
groups = ["default"]
marker = "sys_platform == \"darwin\""
files = [
    {file = "pyobjc_core-12.2.1-cp314-cp314-macosx_10_15_universal2.whl", hash = "sha256:2b8fc0531c27277325e113ac00b8a72a82e6145f0a88175b9425d8de814ff69a"},
    {file = "pyobjc_core-12.2.1-cp314-cp314t-macosx_10_15_universal2.whl", hash = "sha256:9bef500f979e22d54f9da3aaebf6a48f873234b324858bd69256055a318955c7"},
    {file = "pyobjc_core-12.2.1-cp315-cp315-macosx_10_15_universal2.whl", hash = "sha256:047c226eeb58a2993ace5e8904e71cc9426ee20d064c617f8fbf32717d37093e"},
    {file = "pyobjc_core-12.2.1-cp315-cp315t-macosx_10_15_universal2.whl", hash = "sha256:1188613805336270279570467e4455b74cb6c0f60913ac74c917ee1c37cfaecb"},
    {file = "pyobjc_core-12.2.1.tar.gz", hash = "sha256:7a7b9b018402342cf32bf1956366896350fbe5c0478cb3ef59778f77abed7f07"},
]

[[package]]
name = "pyobjc-framework-cocoa"
version = "12.2.1"
requires_python = ">=3.10"
summary = "Wrappers for the Cocoa frameworks on macOS"
groups = ["default"]
marker = "sys_platform == \"darwin\""
dependencies = [
    "pyobjc-core>=12.2.1",
]
files = [
    {file = "pyobjc_framework_cocoa-12.2.1-cp314-cp314-macosx_10_15_universal2.whl", hash = "sha256:b386c324d64ae565c1f6b7dfb77be68f640a1c7c23caa6966ab661131f519561"},
    {file = "pyobjc_framework_cocoa-12.2.1-cp314-cp314t-macosx_10_15_universal2.whl", hash = "sha256:a6c584e2af0813cb2f6103b184e632665a26f58c1bd5b08ffd6e95a19c617f7b"},
    {file = "pyobjc_framework_cocoa-12.2.1-cp315-cp315-macosx_10_15_universal2.whl", hash = "sha256:b6023657b8d6cc049a21bd6b4752425f2f53c42f9f0b02d64c7608cc484bf103"},
    {file = "pyobjc_framework_cocoa-12.2.1-cp315-cp315t-macosx_10_15_universal2.whl", hash = "sha256:c685ccd8e266a07cf912a2c5a13b1f2eff2a868a1aff163b4801b4687bd425e1"},
    {file = "pyobjc_framework_cocoa-12.2.1.tar.gz", hash = "sha256:b94b37fe5730e5ae1fb0052912cd174e6ec329b0bfba4a012ae5db1014b5864b"},
]

[[package]]
name = "pyobjc-framework-quartz"
version = "12.2.1"
requires_python = ">=3.10"
summary = "Wrappers for the Quartz frameworks on macOS"
groups = ["default"]
marker = "sys_platform == \"darwin\""
dependencies = [
    "pyobjc-core>=12.2.1",
    "pyobjc-framework-Cocoa>=12.2.1",
]
files = [
    {file = "pyobjc_framework_quartz-12.2.1-cp314-cp314-macosx_10_15_universal2.whl", hash = "sha256:ceb56939c337b36d9d81185ade31f77dc52c85cf79bb16e53e9b32f54b6bb3f5"},
    {file = "pyobjc_framework_quartz-12.2.1-cp314-cp314t-macosx_10_15_universal2.whl", hash = "sha256:8105c98b798f2bf81c05c54bddeeadbf62f0b5dfec13bd6e719dd2cdf7e1cddf"},
    {file = "pyobjc_framework_quartz-12.2.1-cp315-cp315-macosx_10_15_universal2.whl", hash = "sha256:bbc214f1a216b5d3651bc832d0ac4589f029f3f37cd6cbb370aac12a7c77942c"},
    {file = "pyobjc_framework_quartz-12.2.1-cp315-cp315t-macosx_10_15_universal2.whl", hash = "sha256:ca61624a0b0e6286d8a0f97f47eb9011e4e81e9a339db436d48af527e7065bb1"},
    {file = "pyobjc_framework_quartz-12.2.1.tar.gz", hash = "sha256:b3b8b6f71e66147f8ff9e6213864cc8527e3a0b1ee90835b93ce221f4802d9b0"},
]

[[package]]
name = "pytest"
version = "9.1.1"
requires_python = ">=3.10"
summary = "pytest: simple powerful testing with Python"
groups = ["dev"]
dependencies = [
    "colorama>=0.4; sys_platform == \"win32\"",
    "exceptiongroup>=1; python_version < \"3.11\"",
    "iniconfig>=1.0.1",
    "packaging>=22",
    "pluggy<2,>=1.5",
    "pygments>=2.7.2",
    "tomli>=1; python_version < \"3.11\"",
]
files = [
    {file = "pytest-9.1.1-py3-none-any.whl", hash = "sha256:37a86b45efb9a47a61a36449063e8e18d0cab3161329fc099eb21783169c4f0c"},
    {file = "pytest-9.1.1.tar.gz", hash = "sha256:1088fbde8f2b49d95a549a195707afa7a76a3ce9bcadc26b6d71f0ffda5fe313"},
]

[[package]]
name = "pytest-cov"
version = "7.1.0"
requires_python = ">=3.9"
summary = "Pytest plugin for measuring coverage."
groups = ["dev"]
dependencies = [
    "coverage[toml]>=7.10.6",
    "pluggy>=1.2",
    "pytest>=7",
]
files = [
    {file = "pytest_cov-7.1.0-py3-none-any.whl", hash = "sha256:a0461110b7865f9a271aa1b51e516c9a95de9d696734a2f71e3e78f46e1d4678"},
    {file = "pytest_cov-7.1.0.tar.gz", hash = "sha256:30674f2b5f6351aa09702a9c8c364f6a01c27aae0c1366ae8016160d1efc56b2"},
]

[[package]]
name = "rumps"
version = "0.4.0"
summary = "Ridiculously Uncomplicated MacOS Python Statusbar apps."
groups = ["default"]
marker = "sys_platform == \"darwin\""
dependencies = [
    "pyobjc-framework-Cocoa",
]
files = [
    {file = "rumps-0.4.0.tar.gz", hash = "sha256:17fb33c21b54b1e25db0d71d1d793dc19dc3c0b7d8c79dc6d833d0cffc8b1596"},
]

[[package]]
name = "setuptools"
version = "83.0.0"
requires_python = ">=3.10"
summary = "Most extensible Python build backend with support for C/C++ extension modules"
groups = ["dev"]
marker = "sys_platform == \"darwin\""
files = [
    {file = "setuptools-83.0.0-py3-none-any.whl", hash = "sha256:29b23c360f22f414dc7336bb39178cc7bcbf6021ed2733cde173f09dba19abb3"},
    {file = "setuptools-83.0.0.tar.gz", hash = "sha256:025bccbbf0fa05b6192bc64ae1e7b16e001fd6d6d4d5de03c97b1c1ade523bef"},
]
